// !$*UTF8*$!
{
	archiveVersion = 1;
	classes = {
	};
	objectVersion = 46;
	objects = {

/* Begin PBXBuildFile section */
		E41EA8EA175ABAB300485FBA /* PhotoInfo.m in Sources */ = {isa = PBXBuildFile; fileRef = E41EA8E9175ABAB300485FBA /* PhotoInfo.m */; };
		E41EA8EC175ABC1600485FBA /* CoreLocation.framework in Frameworks */ = {isa = PBXBuildFile; fileRef = E41EA8EB175ABC1600485FBA /* CoreLocation.framework */; };
		E41EA8EE175ABE6900485FBA /* MapKit.framework in Frameworks */ = {isa = PBXBuildFile; fileRef = E41EA8ED175ABE6900485FBA /* MapKit.framework */; };
		E41EA8F0175AC43200485FBA /* MobileCoreServices.framework in Frameworks */ = {isa = PBXBuildFile; fileRef = E41EA8EF175AC43200485FBA /* MobileCoreServices.framework */; };
		E41EA8FF175ACB9800485FBA /* ImageIO.framework in Frameworks */ = {isa = PBXBuildFile; fileRef = E41EA8FE175ACB9800485FBA /* ImageIO.framework */; };
		E41EA901175ACBFB00485FBA /* AssetsLibrary.framework in Frameworks */ = {isa = PBXBuildFile; fileRef = E41EA900175ACBFB00485FBA /* AssetsLibrary.framework */; };
		E41EA904175AD4DD00485FBA /* DescriptionViewController.m in Sources */ = {isa = PBXBuildFile; fileRef = E41EA903175AD4DD00485FBA /* DescriptionViewController.m */; };
		E41EA907175AD72C00485FBA /* CategoriesViewController.m in Sources */ = {isa = PBXBuildFile; fileRef = E41EA906175AD72C00485FBA /* CategoriesViewController.m */; };
		E41EA90D175AE32600485FBA /* RezzoAnnotation.m in Sources */ = {isa = PBXBuildFile; fileRef = E41EA90A175AE32500485FBA /* RezzoAnnotation.m */; };
		E41EA90E175AE32600485FBA /* MapViewController.m in Sources */ = {isa = PBXBuildFile; fileRef = E41EA90C175AE32600485FBA /* MapViewController.m */; };
		E41EA916175B10B900485FBA /* rezzo-57.png in Resources */ = {isa = PBXBuildFile; fileRef = E41EA915175B10B900485FBA /* rezzo-57.png */; };
		E41EA918175B10BE00485FBA /* rezzo-114.png in Resources */ = {isa = PBXBuildFile; fileRef = E41EA917175B10BE00485FBA /* rezzo-114.png */; };
		E46524EC176145E400C5B4FB /* CategoriesCustomCell.m in Sources */ = {isa = PBXBuildFile; fileRef = E46524EB176145E400C5B4FB /* CategoriesCustomCell.m */; };
		E48B601B1769518500402FB9 /* rezzo-72.png in Resources */ = {isa = PBXBuildFile; fileRef = E48B601A1769518500402FB9 /* rezzo-72.png */; };
		E48B601D1769518900402FB9 /* rezzo-144.png in Resources */ = {isa = PBXBuildFile; fileRef = E48B601C1769518900402FB9 /* rezzo-144.png */; };
		E48B601F176951AF00402FB9 /* Default.png in Resources */ = {isa = PBXBuildFile; fileRef = E48B601E176951AF00402FB9 /* Default.png */; };
		E48B6021176951B200402FB9 /* Default@2x.png in Resources */ = {isa = PBXBuildFile; fileRef = E48B6020176951B200402FB9 /* Default@2x.png */; };
		E48F943B17694CE2003C6443 /* Default-Portrait~ipad.png in Resources */ = {isa = PBXBuildFile; fileRef = E48F943A17694CE2003C6443 /* Default-Portrait~ipad.png */; };
		E48F943D17694CEB003C6443 /* Default-Portrait@2x~ipad.png in Resources */ = {isa = PBXBuildFile; fileRef = E48F943C17694CEB003C6443 /* Default-Portrait@2x~ipad.png */; };
		E48F943F17694D7D003C6443 /* Default-568h@2x.png in Resources */ = {isa = PBXBuildFile; fileRef = E48F943E17694D7D003C6443 /* Default-568h@2x.png */; };
		E48F944117694EC3003C6443 /* first-launch-screen-ipad.png in Resources */ = {isa = PBXBuildFile; fileRef = E48F944017694EC3003C6443 /* first-launch-screen-ipad.png */; };
		E4A41AD817F895AD001C771D /* Security.framework in Frameworks */ = {isa = PBXBuildFile; fileRef = E4A41AD717F895AD001C771D /* Security.framework */; };
		E4A41ADB17F895D3001C771D /* SSKeychain.m in Sources */ = {isa = PBXBuildFile; fileRef = E4A41ADA17F895D3001C771D /* SSKeychain.m */; };
		E4A74CFE1767D5EC009F5DB1 /* first-launch-screen.png in Resources */ = {isa = PBXBuildFile; fileRef = E4A74CFD1767D5EC009F5DB1 /* first-launch-screen.png */; };
		E4A74D011767D8DE009F5DB1 /* SplashScreenController.m in Sources */ = {isa = PBXBuildFile; fileRef = E4A74D001767D8DE009F5DB1 /* SplashScreenController.m */; };
		E4A74D0317680721009F5DB1 /* first-launch-screen-960.png in Resources */ = {isa = PBXBuildFile; fileRef = E4A74D0217680721009F5DB1 /* first-launch-screen-960.png */; };
		E4D1D02F17597BE2007D9F93 /* Brain.m in Sources */ = {isa = PBXBuildFile; fileRef = E4D1D01117597BE2007D9F93 /* Brain.m */; };
		E4D1D03417597BE2007D9F93 /* InfoPlist.strings in Resources */ = {isa = PBXBuildFile; fileRef = E4D1D01817597BE2007D9F93 /* InfoPlist.strings */; };
		E4D1D03517597BE2007D9F93 /* MainStoryboard_iPad.storyboard in Resources */ = {isa = PBXBuildFile; fileRef = E4D1D01A17597BE2007D9F93 /* MainStoryboard_iPad.storyboard */; };
		E4D1D03617597BE2007D9F93 /* MainStoryboard_iPhone.storyboard in Resources */ = {isa = PBXBuildFile; fileRef = E4D1D01C17597BE2007D9F93 /* MainStoryboard_iPhone.storyboard */; };
		E4D1D03717597BE2007D9F93 /* MainViewController.m in Sources */ = {isa = PBXBuildFile; fileRef = E4D1D01F17597BE2007D9F93 /* MainViewController.m */; };
		E4D1D03A17597BE2007D9F93 /* RezzoAppDelegate.m in Sources */ = {isa = PBXBuildFile; fileRef = E4D1D02317597BE2007D9F93 /* RezzoAppDelegate.m */; };
		E4D1D03C17597BE2007D9F93 /* main.m in Sources */ = {isa = PBXBuildFile; fileRef = E4D1D02617597BE2007D9F93 /* main.m */; };
		E4D1D03D17597BE2007D9F93 /* PhotoViewController.m in Sources */ = {isa = PBXBuildFile; fileRef = E4D1D02817597BE2007D9F93 /* PhotoViewController.m */; };
		E4EDEB2A176EB11400A236A0 /* libTestFlight.a in Frameworks */ = {isa = PBXBuildFile; fileRef = E4EDEB29176EB11400A236A0 /* libTestFlight.a */; };
		E4EDEB2C176EB15700A236A0 /* libz.dylib in Frameworks */ = {isa = PBXBuildFile; fileRef = E4EDEB2B176EB15700A236A0 /* libz.dylib */; };
		E4F0FEAB1745859100CD3650 /* UIKit.framework in Frameworks */ = {isa = PBXBuildFile; fileRef = E4F0FEAA1745859100CD3650 /* UIKit.framework */; };
		E4F0FEAD1745859100CD3650 /* Foundation.framework in Frameworks */ = {isa = PBXBuildFile; fileRef = E4F0FEAC1745859100CD3650 /* Foundation.framework */; };
		E4F0FEAF1745859100CD3650 /* CoreGraphics.framework in Frameworks */ = {isa = PBXBuildFile; fileRef = E4F0FEAE1745859100CD3650 /* CoreGraphics.framework */; };
/* End PBXBuildFile section */

/* Begin PBXFileReference section */
		E41EA8E8175ABAB300485FBA /* PhotoInfo.h */ = {isa = PBXFileReference; fileEncoding = 4; lastKnownFileType = sourcecode.c.h; name = PhotoInfo.h; path = Classes/Models/PhotoInfo.h; sourceTree = SOURCE_ROOT; };
		E41EA8E9175ABAB300485FBA /* PhotoInfo.m */ = {isa = PBXFileReference; fileEncoding = 4; lastKnownFileType = sourcecode.c.objc; name = PhotoInfo.m; path = Classes/Models/PhotoInfo.m; sourceTree = SOURCE_ROOT; };
		E41EA8EB175ABC1600485FBA /* CoreLocation.framework */ = {isa = PBXFileReference; lastKnownFileType = wrapper.framework; name = CoreLocation.framework; path = System/Library/Frameworks/CoreLocation.framework; sourceTree = SDKROOT; };
		E41EA8ED175ABE6900485FBA /* MapKit.framework */ = {isa = PBXFileReference; lastKnownFileType = wrapper.framework; name = MapKit.framework; path = System/Library/Frameworks/MapKit.framework; sourceTree = SDKROOT; };
		E41EA8EF175AC43200485FBA /* MobileCoreServices.framework */ = {isa = PBXFileReference; lastKnownFileType = wrapper.framework; name = MobileCoreServices.framework; path = System/Library/Frameworks/MobileCoreServices.framework; sourceTree = SDKROOT; };
		E41EA8FE175ACB9800485FBA /* ImageIO.framework */ = {isa = PBXFileReference; lastKnownFileType = wrapper.framework; name = ImageIO.framework; path = System/Library/Frameworks/ImageIO.framework; sourceTree = SDKROOT; };
		E41EA900175ACBFB00485FBA /* AssetsLibrary.framework */ = {isa = PBXFileReference; lastKnownFileType = wrapper.framework; name = AssetsLibrary.framework; path = System/Library/Frameworks/AssetsLibrary.framework; sourceTree = SDKROOT; };
		E41EA902175AD4DC00485FBA /* DescriptionViewController.h */ = {isa = PBXFileReference; fileEncoding = 4; lastKnownFileType = sourcecode.c.h; name = DescriptionViewController.h; path = Classes/Controllers/DescriptionViewController.h; sourceTree = SOURCE_ROOT; };
		E41EA903175AD4DD00485FBA /* DescriptionViewController.m */ = {isa = PBXFileReference; fileEncoding = 4; lastKnownFileType = sourcecode.c.objc; name = DescriptionViewController.m; path = Classes/Controllers/DescriptionViewController.m; sourceTree = SOURCE_ROOT; };
		E41EA905175AD72C00485FBA /* CategoriesViewController.h */ = {isa = PBXFileReference; fileEncoding = 4; lastKnownFileType = sourcecode.c.h; name = CategoriesViewController.h; path = Classes/Controllers/CategoriesView/CategoriesViewController.h; sourceTree = SOURCE_ROOT; };
		E41EA906175AD72C00485FBA /* CategoriesViewController.m */ = {isa = PBXFileReference; fileEncoding = 4; lastKnownFileType = sourcecode.c.objc; name = CategoriesViewController.m; path = Classes/Controllers/CategoriesView/CategoriesViewController.m; sourceTree = SOURCE_ROOT; };
		E41EA909175AE32500485FBA /* RezzoAnnotation.h */ = {isa = PBXFileReference; fileEncoding = 4; lastKnownFileType = sourcecode.c.h; name = RezzoAnnotation.h; path = Classes/Controllers/MapView/RezzoAnnotation.h; sourceTree = SOURCE_ROOT; };
		E41EA90A175AE32500485FBA /* RezzoAnnotation.m */ = {isa = PBXFileReference; fileEncoding = 4; lastKnownFileType = sourcecode.c.objc; name = RezzoAnnotation.m; path = Classes/Controllers/MapView/RezzoAnnotation.m; sourceTree = SOURCE_ROOT; };
		E41EA90B175AE32500485FBA /* MapViewController.h */ = {isa = PBXFileReference; fileEncoding = 4; lastKnownFileType = sourcecode.c.h; name = MapViewController.h; path = Classes/Controllers/MapView/MapViewController.h; sourceTree = SOURCE_ROOT; };
		E41EA90C175AE32600485FBA /* MapViewController.m */ = {isa = PBXFileReference; fileEncoding = 4; lastKnownFileType = sourcecode.c.objc; name = MapViewController.m; path = Classes/Controllers/MapView/MapViewController.m; sourceTree = SOURCE_ROOT; };
		E41EA915175B10B900485FBA /* rezzo-57.png */ = {isa = PBXFileReference; lastKnownFileType = image.png; name = "rezzo-57.png"; path = "Resources/Images/rezzo-57.png"; sourceTree = "<group>"; };
		E41EA917175B10BE00485FBA /* rezzo-114.png */ = {isa = PBXFileReference; lastKnownFileType = image.png; name = "rezzo-114.png"; path = "Resources/Images/rezzo-114.png"; sourceTree = "<group>"; };
		E46524EA176145E400C5B4FB /* CategoriesCustomCell.h */ = {isa = PBXFileReference; fileEncoding = 4; lastKnownFileType = sourcecode.c.h; name = CategoriesCustomCell.h; path = Classes/Controllers/CategoriesView/CategoriesCustomCell.h; sourceTree = SOURCE_ROOT; };
		E46524EB176145E400C5B4FB /* CategoriesCustomCell.m */ = {isa = PBXFileReference; fileEncoding = 4; lastKnownFileType = sourcecode.c.objc; name = CategoriesCustomCell.m; path = Classes/Controllers/CategoriesView/CategoriesCustomCell.m; sourceTree = SOURCE_ROOT; };
		E48B601A1769518500402FB9 /* rezzo-72.png */ = {isa = PBXFileReference; lastKnownFileType = image.png; name = "rezzo-72.png"; path = "Resources/Images/rezzo-72.png"; sourceTree = "<group>"; };
		E48B601C1769518900402FB9 /* rezzo-144.png */ = {isa = PBXFileReference; lastKnownFileType = image.png; name = "rezzo-144.png"; path = "Resources/Images/rezzo-144.png"; sourceTree = "<group>"; };
		E48B601E176951AF00402FB9 /* Default.png */ = {isa = PBXFileReference; lastKnownFileType = image.png; name = Default.png; path = Resources/Images/Default.png; sourceTree = "<group>"; };
		E48B6020176951B200402FB9 /* Default@2x.png */ = {isa = PBXFileReference; lastKnownFileType = image.png; name = "Default@2x.png"; path = "Resources/Images/Default@2x.png"; sourceTree = "<group>"; };
		E48F943A17694CE2003C6443 /* Default-Portrait~ipad.png */ = {isa = PBXFileReference; lastKnownFileType = image.png; name = "Default-Portrait~ipad.png"; path = "Resources/Images/Default-Portrait~ipad.png"; sourceTree = "<group>"; };
		E48F943C17694CEB003C6443 /* Default-Portrait@2x~ipad.png */ = {isa = PBXFileReference; lastKnownFileType = image.png; name = "Default-Portrait@2x~ipad.png"; path = "Resources/Images/Default-Portrait@2x~ipad.png"; sourceTree = "<group>"; };
		E48F943E17694D7D003C6443 /* Default-568h@2x.png */ = {isa = PBXFileReference; lastKnownFileType = image.png; name = "Default-568h@2x.png"; path = "Resources/Images/Default-568h@2x.png"; sourceTree = "<group>"; };
		E48F944017694EC3003C6443 /* first-launch-screen-ipad.png */ = {isa = PBXFileReference; lastKnownFileType = image.png; name = "first-launch-screen-ipad.png"; path = "Resources/Images/first-launch-screen-ipad.png"; sourceTree = "<group>"; };
		E4A41AD717F895AD001C771D /* Security.framework */ = {isa = PBXFileReference; lastKnownFileType = wrapper.framework; name = Security.framework; path = System/Library/Frameworks/Security.framework; sourceTree = SDKROOT; };
		E4A41AD917F895D3001C771D /* SSKeychain.h */ = {isa = PBXFileReference; fileEncoding = 4; lastKnownFileType = sourcecode.c.h; name = SSKeychain.h; path = Classes/Delegates/SSKeychain.h; sourceTree = SOURCE_ROOT; };
		E4A41ADA17F895D3001C771D /* SSKeychain.m */ = {isa = PBXFileReference; fileEncoding = 4; lastKnownFileType = sourcecode.c.objc; name = SSKeychain.m; path = Classes/Delegates/SSKeychain.m; sourceTree = SOURCE_ROOT; };
		E4A74CFD1767D5EC009F5DB1 /* first-launch-screen.png */ = {isa = PBXFileReference; lastKnownFileType = image.png; name = "first-launch-screen.png"; path = "Resources/Images/first-launch-screen.png"; sourceTree = "<group>"; };
		E4A74CFF1767D8DE009F5DB1 /* SplashScreenController.h */ = {isa = PBXFileReference; fileEncoding = 4; lastKnownFileType = sourcecode.c.h; name = SplashScreenController.h; path = Classes/Controllers/SplashScreenController.h; sourceTree = SOURCE_ROOT; };
		E4A74D001767D8DE009F5DB1 /* SplashScreenController.m */ = {isa = PBXFileReference; fileEncoding = 4; lastKnownFileType = sourcecode.c.objc; name = SplashScreenController.m; path = Classes/Controllers/SplashScreenController.m; sourceTree = SOURCE_ROOT; };
		E4A74D0217680721009F5DB1 /* first-launch-screen-960.png */ = {isa = PBXFileReference; lastKnownFileType = image.png; name = "first-launch-screen-960.png"; path = "Resources/Images/first-launch-screen-960.png"; sourceTree = "<group>"; };
		E4D1D01017597BE2007D9F93 /* Brain.h */ = {isa = PBXFileReference; fileEncoding = 4; lastKnownFileType = sourcecode.c.h; name = Brain.h; path = Classes/Models/Brain.h; sourceTree = SOURCE_ROOT; };
		E4D1D01117597BE2007D9F93 /* Brain.m */ = {isa = PBXFileReference; fileEncoding = 4; lastKnownFileType = sourcecode.c.objc; name = Brain.m; path = Classes/Models/Brain.m; sourceTree = SOURCE_ROOT; };
		E4D1D01217597BE2007D9F93 /* Rezzo-Info.plist */ = {isa = PBXFileReference; fileEncoding = 4; lastKnownFileType = text.plist.xml; name = "Rezzo-Info.plist"; path = "Resources/Rezzo-Info.plist"; sourceTree = SOURCE_ROOT; };
		E4D1D01917597BE2007D9F93 /* en */ = {isa = PBXFileReference; lastKnownFileType = text.plist.strings; name = en; path = InfoPlist.strings; sourceTree = "<group>"; };
		E4D1D01B17597BE2007D9F93 /* en */ = {isa = PBXFileReference; lastKnownFileType = file.storyboard; name = en; path = MainStoryboard_iPad.storyboard; sourceTree = "<group>"; };
		E4D1D01D17597BE2007D9F93 /* en */ = {isa = PBXFileReference; lastKnownFileType = file.storyboard; name = en; path = MainStoryboard_iPhone.storyboard; sourceTree = "<group>"; };
		E4D1D01E17597BE2007D9F93 /* MainViewController.h */ = {isa = PBXFileReference; fileEncoding = 4; lastKnownFileType = sourcecode.c.h; name = MainViewController.h; path = Classes/Controllers/MainViewController.h; sourceTree = SOURCE_ROOT; };
		E4D1D01F17597BE2007D9F93 /* MainViewController.m */ = {isa = PBXFileReference; fileEncoding = 4; lastKnownFileType = sourcecode.c.objc; name = MainViewController.m; path = Classes/Controllers/MainViewController.m; sourceTree = SOURCE_ROOT; };
		E4D1D02217597BE2007D9F93 /* RezzoAppDelegate.h */ = {isa = PBXFileReference; fileEncoding = 4; lastKnownFileType = sourcecode.c.h; name = RezzoAppDelegate.h; path = Classes/Delegates/RezzoAppDelegate.h; sourceTree = SOURCE_ROOT; };
		E4D1D02317597BE2007D9F93 /* RezzoAppDelegate.m */ = {isa = PBXFileReference; fileEncoding = 4; lastKnownFileType = sourcecode.c.objc; name = RezzoAppDelegate.m; path = Classes/Delegates/RezzoAppDelegate.m; sourceTree = SOURCE_ROOT; };
		E4D1D02617597BE2007D9F93 /* main.m */ = {isa = PBXFileReference; fileEncoding = 4; lastKnownFileType = sourcecode.c.objc; name = main.m; path = Classes/Delegates/main.m; sourceTree = SOURCE_ROOT; };
		E4D1D02717597BE2007D9F93 /* PhotoViewController.h */ = {isa = PBXFileReference; fileEncoding = 4; lastKnownFileType = sourcecode.c.h; name = PhotoViewController.h; path = Classes/Controllers/PhotoViewController.h; sourceTree = SOURCE_ROOT; };
		E4D1D02817597BE2007D9F93 /* PhotoViewController.m */ = {isa = PBXFileReference; fileEncoding = 4; lastKnownFileType = sourcecode.c.objc; name = PhotoViewController.m; path = Classes/Controllers/PhotoViewController.m; sourceTree = SOURCE_ROOT; };
		E4EDEB28176EB0E700A236A0 /* TestFlight.h */ = {isa = PBXFileReference; lastKnownFileType = sourcecode.c.h; name = TestFlight.h; path = TestFlight/TestFlight.h; sourceTree = SOURCE_ROOT; };
		E4EDEB29176EB11400A236A0 /* libTestFlight.a */ = {isa = PBXFileReference; lastKnownFileType = archive.ar; name = libTestFlight.a; path = TestFlight/libTestFlight.a; sourceTree = "<group>"; };
		E4EDEB2B176EB15700A236A0 /* libz.dylib */ = {isa = PBXFileReference; lastKnownFileType = "compiled.mach-o.dylib"; name = libz.dylib; path = usr/lib/libz.dylib; sourceTree = SDKROOT; };
		E4F0FEA71745859100CD3650 /* Rezzo.app */ = {isa = PBXFileReference; explicitFileType = wrapper.application; includeInIndex = 0; path = Rezzo.app; sourceTree = BUILT_PRODUCTS_DIR; };
		E4F0FEAA1745859100CD3650 /* UIKit.framework */ = {isa = PBXFileReference; lastKnownFileType = wrapper.framework; name = UIKit.framework; path = System/Library/Frameworks/UIKit.framework; sourceTree = SDKROOT; };
		E4F0FEAC1745859100CD3650 /* Foundation.framework */ = {isa = PBXFileReference; lastKnownFileType = wrapper.framework; name = Foundation.framework; path = System/Library/Frameworks/Foundation.framework; sourceTree = SDKROOT; };
		E4F0FEAE1745859100CD3650 /* CoreGraphics.framework */ = {isa = PBXFileReference; lastKnownFileType = wrapper.framework; name = CoreGraphics.framework; path = System/Library/Frameworks/CoreGraphics.framework; sourceTree = SDKROOT; };
/* End PBXFileReference section */

/* Begin PBXFrameworksBuildPhase section */
		E4F0FEA41745859100CD3650 /* Frameworks */ = {
			isa = PBXFrameworksBuildPhase;
			buildActionMask = 2147483647;
			files = (
				E4A41AD817F895AD001C771D /* Security.framework in Frameworks */,
				E4EDEB2C176EB15700A236A0 /* libz.dylib in Frameworks */,
				E41EA901175ACBFB00485FBA /* AssetsLibrary.framework in Frameworks */,
				E41EA8FF175ACB9800485FBA /* ImageIO.framework in Frameworks */,
				E41EA8F0175AC43200485FBA /* MobileCoreServices.framework in Frameworks */,
				E41EA8EE175ABE6900485FBA /* MapKit.framework in Frameworks */,
				E41EA8EC175ABC1600485FBA /* CoreLocation.framework in Frameworks */,
				E4EDEB2A176EB11400A236A0 /* libTestFlight.a in Frameworks */,
				E4F0FEAB1745859100CD3650 /* UIKit.framework in Frameworks */,
				E4F0FEAD1745859100CD3650 /* Foundation.framework in Frameworks */,
				E4F0FEAF1745859100CD3650 /* CoreGraphics.framework in Frameworks */,
			);
			runOnlyForDeploymentPostprocessing = 0;
		};
/* End PBXFrameworksBuildPhase section */

/* Begin PBXGroup section */
		E4383F5D179F3F5500E3D924 /* Delegates */ = {
			isa = PBXGroup;
			children = (
				E4A41AD917F895D3001C771D /* SSKeychain.h */,
				E4A41ADA17F895D3001C771D /* SSKeychain.m */,
				E4D1D02217597BE2007D9F93 /* RezzoAppDelegate.h */,
				E4D1D02317597BE2007D9F93 /* RezzoAppDelegate.m */,
				E4D1D02617597BE2007D9F93 /* main.m */,
			);
			name = Delegates;
			sourceTree = "<group>";
		};
		E4383F5E179F3F7B00E3D924 /* Models */ = {
			isa = PBXGroup;
			children = (
				E41EA8E8175ABAB300485FBA /* PhotoInfo.h */,
				E41EA8E9175ABAB300485FBA /* PhotoInfo.m */,
				E4D1D01017597BE2007D9F93 /* Brain.h */,
				E4D1D01117597BE2007D9F93 /* Brain.m */,
			);
			name = Models;
			sourceTree = "<group>";
		};
		E4383F5F179F3F9800E3D924 /* Images */ = {
			isa = PBXGroup;
			children = (
				E48B601E176951AF00402FB9 /* Default.png */,
				E48B6020176951B200402FB9 /* Default@2x.png */,
				E48F943E17694D7D003C6443 /* Default-568h@2x.png */,
				E48F943C17694CEB003C6443 /* Default-Portrait@2x~ipad.png */,
				E48F943A17694CE2003C6443 /* Default-Portrait~ipad.png */,
				E4A74CFD1767D5EC009F5DB1 /* first-launch-screen.png */,
				E4A74D0217680721009F5DB1 /* first-launch-screen-960.png */,
				E48F944017694EC3003C6443 /* first-launch-screen-ipad.png */,
				E41EA915175B10B900485FBA /* rezzo-57.png */,
				E41EA917175B10BE00485FBA /* rezzo-114.png */,
				E48B601A1769518500402FB9 /* rezzo-72.png */,
				E48B601C1769518900402FB9 /* rezzo-144.png */,
			);
			name = Images;
			sourceTree = "<group>";
		};
		E456123E179F35B00010104A /* Classes */ = {
			isa = PBXGroup;
			children = (
				E4F0FEB01745859100CD3650 /* Controllers */,
				E4383F5D179F3F5500E3D924 /* Delegates */,
				E4383F5E179F3F7B00E3D924 /* Models */,
			);
			name = Classes;
			path = Rezzo;
			sourceTree = "<group>";
		};
		E456123F179F35FD0010104A /* MapView */ = {
			isa = PBXGroup;
			children = (
				E41EA909175AE32500485FBA /* RezzoAnnotation.h */,
				E41EA90A175AE32500485FBA /* RezzoAnnotation.m */,
				E41EA90B175AE32500485FBA /* MapViewController.h */,
				E41EA90C175AE32600485FBA /* MapViewController.m */,
			);
			name = MapView;
			sourceTree = "<group>";
		};
		E4561240179F362B0010104A /* CategoriesView */ = {
			isa = PBXGroup;
			children = (
				E46524EA176145E400C5B4FB /* CategoriesCustomCell.h */,
				E46524EB176145E400C5B4FB /* CategoriesCustomCell.m */,
				E41EA905175AD72C00485FBA /* CategoriesViewController.h */,
				E41EA906175AD72C00485FBA /* CategoriesViewController.m */,
			);
			name = CategoriesView;
			sourceTree = "<group>";
		};
		E4561241179F36560010104A /* TestFlight */ = {
			isa = PBXGroup;
			children = (
				E4EDEB28176EB0E700A236A0 /* TestFlight.h */,
				E4EDEB2B176EB15700A236A0 /* libz.dylib */,
				E4EDEB29176EB11400A236A0 /* libTestFlight.a */,
			);
			name = TestFlight;
			sourceTree = "<group>";
		};
		E4A74CFC1767D5BD009F5DB1 /* Resources */ = {
			isa = PBXGroup;
			children = (
				E4D1D01717597BE2007D9F93 /* en.lproj */,
				E4383F5F179F3F9800E3D924 /* Images */,
			);
			name = Resources;
			sourceTree = "<group>";
		};
		E4D1D01717597BE2007D9F93 /* en.lproj */ = {
			isa = PBXGroup;
			children = (
				E4D1D01817597BE2007D9F93 /* InfoPlist.strings */,
				E4D1D01A17597BE2007D9F93 /* MainStoryboard_iPad.storyboard */,
				E4D1D01C17597BE2007D9F93 /* MainStoryboard_iPhone.storyboard */,
			);
			name = en.lproj;
			path = Resources/en.lproj;
			sourceTree = SOURCE_ROOT;
		};
		E4F0FE9E1745859100CD3650 = {
			isa = PBXGroup;
			children = (
				E4561241179F36560010104A /* TestFlight */,
				E456123E179F35B00010104A /* Classes */,
				E4A74CFC1767D5BD009F5DB1 /* Resources */,
				E4F0FEA91745859100CD3650 /* Frameworks */,
				E4F0FEA81745859100CD3650 /* Products */,
			);
			sourceTree = "<group>";
		};
		E4F0FEA81745859100CD3650 /* Products */ = {
			isa = PBXGroup;
			children = (
				E4F0FEA71745859100CD3650 /* Rezzo.app */,
			);
			name = Products;
			sourceTree = "<group>";
		};
		E4F0FEA91745859100CD3650 /* Frameworks */ = {
			isa = PBXGroup;
			children = (
				E4A41AD717F895AD001C771D /* Security.framework */,
				E41EA900175ACBFB00485FBA /* AssetsLibrary.framework */,
				E41EA8FE175ACB9800485FBA /* ImageIO.framework */,
				E41EA8EF175AC43200485FBA /* MobileCoreServices.framework */,
				E41EA8ED175ABE6900485FBA /* MapKit.framework */,
				E41EA8EB175ABC1600485FBA /* CoreLocation.framework */,
				E4F0FEAA1745859100CD3650 /* UIKit.framework */,
				E4F0FEAC1745859100CD3650 /* Foundation.framework */,
				E4F0FEAE1745859100CD3650 /* CoreGraphics.framework */,
			);
			name = Frameworks;
			sourceTree = "<group>";
		};
		E4F0FEB01745859100CD3650 /* Controllers */ = {
			isa = PBXGroup;
			children = (
				E4D1D01E17597BE2007D9F93 /* MainViewController.h */,
				E4D1D01F17597BE2007D9F93 /* MainViewController.m */,
				E4D1D02717597BE2007D9F93 /* PhotoViewController.h */,
				E4D1D02817597BE2007D9F93 /* PhotoViewController.m */,
				E4A74CFF1767D8DE009F5DB1 /* SplashScreenController.h */,
				E4A74D001767D8DE009F5DB1 /* SplashScreenController.m */,
				E456123F179F35FD0010104A /* MapView */,
				E4561240179F362B0010104A /* CategoriesView */,
				E41EA902175AD4DC00485FBA /* DescriptionViewController.h */,
				E41EA903175AD4DD00485FBA /* DescriptionViewController.m */,
				E4D1D01217597BE2007D9F93 /* Rezzo-Info.plist */,
			);
			name = Controllers;
			sourceTree = "<group>";
		};
/* End PBXGroup section */

/* Begin PBXNativeTarget section */
		E4F0FEA61745859100CD3650 /* Rezzo */ = {
			isa = PBXNativeTarget;
			buildConfigurationList = E4F0FED81745859100CD3650 /* Build configuration list for PBXNativeTarget "Rezzo" */;
			buildPhases = (
				E4F0FEA31745859100CD3650 /* Sources */,
				E4F0FEA41745859100CD3650 /* Frameworks */,
				E4F0FEA51745859100CD3650 /* Resources */,
			);
			buildRules = (
			);
			dependencies = (
			);
			name = Rezzo;
			productName = FlickrFetcher;
			productReference = E4F0FEA71745859100CD3650 /* Rezzo.app */;
			productType = "com.apple.product-type.application";
		};
/* End PBXNativeTarget section */

/* Begin PBXProject section */
		E4F0FE9F1745859100CD3650 /* Project object */ = {
			isa = PBXProject;
			attributes = {
				CLASSPREFIX = FlickrFetcher;
				LastUpgradeCheck = 0460;
				ORGANIZATIONNAME = "Regaip Sen";
			};
			buildConfigurationList = E4F0FEA21745859100CD3650 /* Build configuration list for PBXProject "Rezzo" */;
			compatibilityVersion = "Xcode 3.2";
			developmentRegion = English;
			hasScannedForEncodings = 0;
			knownRegions = (
				en,
			);
			mainGroup = E4F0FE9E1745859100CD3650;
			productRefGroup = E4F0FEA81745859100CD3650 /* Products */;
			projectDirPath = "";
			projectRoot = "";
			targets = (
				E4F0FEA61745859100CD3650 /* Rezzo */,
			);
		};
/* End PBXProject section */

/* Begin PBXResourcesBuildPhase section */
		E4F0FEA51745859100CD3650 /* Resources */ = {
			isa = PBXResourcesBuildPhase;
			buildActionMask = 2147483647;
			files = (
				E4D1D03417597BE2007D9F93 /* InfoPlist.strings in Resources */,
				E4D1D03517597BE2007D9F93 /* MainStoryboard_iPad.storyboard in Resources */,
				E4D1D03617597BE2007D9F93 /* MainStoryboard_iPhone.storyboard in Resources */,
				E41EA916175B10B900485FBA /* rezzo-57.png in Resources */,
				E41EA918175B10BE00485FBA /* rezzo-114.png in Resources */,
				E4A74CFE1767D5EC009F5DB1 /* first-launch-screen.png in Resources */,
				E4A74D0317680721009F5DB1 /* first-launch-screen-960.png in Resources */,
				E48F944117694EC3003C6443 /* first-launch-screen-ipad.png in Resources */,
				E48F943B17694CE2003C6443 /* Default-Portrait~ipad.png in Resources */,
				E48F943D17694CEB003C6443 /* Default-Portrait@2x~ipad.png in Resources */,
				E48F943F17694D7D003C6443 /* Default-568h@2x.png in Resources */,
				E48B601B1769518500402FB9 /* rezzo-72.png in Resources */,
				E48B601D1769518900402FB9 /* rezzo-144.png in Resources */,
				E48B601F176951AF00402FB9 /* Default.png in Resources */,
				E48B6021176951B200402FB9 /* Default@2x.png in Resources */,
			);
			runOnlyForDeploymentPostprocessing = 0;
		};
/* End PBXResourcesBuildPhase section */

/* Begin PBXSourcesBuildPhase section */
		E4F0FEA31745859100CD3650 /* Sources */ = {
			isa = PBXSourcesBuildPhase;
			buildActionMask = 2147483647;
			files = (
				E4D1D02F17597BE2007D9F93 /* Brain.m in Sources */,
				E4D1D03717597BE2007D9F93 /* MainViewController.m in Sources */,
				E4D1D03A17597BE2007D9F93 /* RezzoAppDelegate.m in Sources */,
				E4D1D03C17597BE2007D9F93 /* main.m in Sources */,
				E4D1D03D17597BE2007D9F93 /* PhotoViewController.m in Sources */,
				E4A41ADB17F895D3001C771D /* SSKeychain.m in Sources */,
				E41EA8EA175ABAB300485FBA /* PhotoInfo.m in Sources */,
				E41EA904175AD4DD00485FBA /* DescriptionViewController.m in Sources */,
				E41EA907175AD72C00485FBA /* CategoriesViewController.m in Sources */,
				E41EA90D175AE32600485FBA /* RezzoAnnotation.m in Sources */,
				E41EA90E175AE32600485FBA /* MapViewController.m in Sources */,
				E46524EC176145E400C5B4FB /* CategoriesCustomCell.m in Sources */,
				E4A74D011767D8DE009F5DB1 /* SplashScreenController.m in Sources */,
			);
			runOnlyForDeploymentPostprocessing = 0;
		};
/* End PBXSourcesBuildPhase section */

/* Begin PBXVariantGroup section */
		E4D1D01817597BE2007D9F93 /* InfoPlist.strings */ = {
			isa = PBXVariantGroup;
			children = (
				E4D1D01917597BE2007D9F93 /* en */,
			);
			name = InfoPlist.strings;
			sourceTree = "<group>";
		};
		E4D1D01A17597BE2007D9F93 /* MainStoryboard_iPad.storyboard */ = {
			isa = PBXVariantGroup;
			children = (
				E4D1D01B17597BE2007D9F93 /* en */,
			);
			name = MainStoryboard_iPad.storyboard;
			sourceTree = "<group>";
		};
		E4D1D01C17597BE2007D9F93 /* MainStoryboard_iPhone.storyboard */ = {
			isa = PBXVariantGroup;
			children = (
				E4D1D01D17597BE2007D9F93 /* en */,
			);
			name = MainStoryboard_iPhone.storyboard;
			sourceTree = "<group>";
		};
/* End PBXVariantGroup section */

/* Begin XCBuildConfiguration section */
		E4F0FED61745859100CD3650 /* Debug */ = {
			isa = XCBuildConfiguration;
			buildSettings = {
				ALWAYS_SEARCH_USER_PATHS = NO;
				CLANG_CXX_LANGUAGE_STANDARD = "gnu++0x";
				CLANG_CXX_LIBRARY = "libc++";
				CLANG_ENABLE_OBJC_ARC = YES;
				CLANG_WARN_CONSTANT_CONVERSION = YES;
				CLANG_WARN_EMPTY_BODY = YES;
				CLANG_WARN_ENUM_CONVERSION = YES;
				CLANG_WARN_INT_CONVERSION = YES;
				CLANG_WARN__DUPLICATE_METHOD_MATCH = YES;
				CODE_SIGN_IDENTITY = "iPhone Distribution: Regaip Sen (E3V3UGV4S4)";
				"CODE_SIGN_IDENTITY[sdk=iphoneos*]" = "iPhone Distribution: Regaip Sen (E3V3UGV4S4)";
				COPY_PHASE_STRIP = NO;
				GCC_C_LANGUAGE_STANDARD = gnu99;
				GCC_DYNAMIC_NO_PIC = NO;
				GCC_OPTIMIZATION_LEVEL = 0;
				GCC_PREPROCESSOR_DEFINITIONS = (
					"DEBUG=1",
					"$(inherited)",
				);
				GCC_SYMBOLS_PRIVATE_EXTERN = NO;
				GCC_WARN_ABOUT_RETURN_TYPE = YES;
				GCC_WARN_UNINITIALIZED_AUTOS = YES;
				GCC_WARN_UNUSED_VARIABLE = YES;
				IPHONEOS_DEPLOYMENT_TARGET = 5.0;
				ONLY_ACTIVE_ARCH = YES;
				PROVISIONING_PROFILE = "F950BB84-2003-49E1-A880-B77691DF9960";
				SDKROOT = iphoneos;
				TARGETED_DEVICE_FAMILY = "1,2";
			};
			name = Debug;
		};
		E4F0FED71745859100CD3650 /* Release */ = {
			isa = XCBuildConfiguration;
			buildSettings = {
				ALWAYS_SEARCH_USER_PATHS = NO;
				CLANG_CXX_LANGUAGE_STANDARD = "gnu++0x";
				CLANG_CXX_LIBRARY = "libc++";
				CLANG_ENABLE_OBJC_ARC = YES;
				CLANG_WARN_CONSTANT_CONVERSION = YES;
				CLANG_WARN_EMPTY_BODY = YES;
				CLANG_WARN_ENUM_CONVERSION = YES;
				CLANG_WARN_INT_CONVERSION = YES;
				CLANG_WARN__DUPLICATE_METHOD_MATCH = YES;
				CODE_SIGN_IDENTITY = "iPhone Distribution: Regaip Sen (E3V3UGV4S4)";
				"CODE_SIGN_IDENTITY[sdk=iphoneos*]" = "iPhone Distribution: Regaip Sen (E3V3UGV4S4)";
				COPY_PHASE_STRIP = YES;
				GCC_C_LANGUAGE_STANDARD = gnu99;
				GCC_WARN_ABOUT_RETURN_TYPE = YES;
				GCC_WARN_UNINITIALIZED_AUTOS = YES;
				GCC_WARN_UNUSED_VARIABLE = YES;
				IPHONEOS_DEPLOYMENT_TARGET = 5.0;
				OTHER_CFLAGS = "-DNS_BLOCK_ASSERTIONS=1";
				PROVISIONING_PROFILE = "F950BB84-2003-49E1-A880-B77691DF9960";
				SDKROOT = iphoneos;
				TARGETED_DEVICE_FAMILY = "1,2";
				VALIDATE_PRODUCT = YES;
			};
			name = Release;
		};
		E4F0FED91745859100CD3650 /* Debug */ = {
			isa = XCBuildConfiguration;
			buildSettings = {
				CODE_SIGN_IDENTITY = "iPhone Distribution: Regaip Sen (E3V3UGV4S4)";
				"CODE_SIGN_IDENTITY[sdk=iphoneos*]" = "iPhone Distribution: Regaip Sen (E3V3UGV4S4)";
				FRAMEWORK_SEARCH_PATHS = (
					"$(inherited)",
					"\"$(SRCROOT)\"",
				);
				GCC_PRECOMPILE_PREFIX_HEADER = YES;
				GCC_PREFIX_HEADER = "Classes/Delegates/Rezzo-Prefix.pch";
				INFOPLIST_FILE = "Resources/Rezzo-Info.plist";
				IPHONEOS_DEPLOYMENT_TARGET = 5.0;
				LIBRARY_SEARCH_PATHS = (
					"$(inherited)",
					"\"$(SRCROOT)\"",
					"\"$(SRCROOT)/TestFlight\"",
				);
				ONLY_ACTIVE_ARCH = NO;
				PRODUCT_NAME = Rezzo;
				PROVISIONING_PROFILE = "F950BB84-2003-49E1-A880-B77691DF9960";
				"PROVISIONING_PROFILE[sdk=iphoneos*]" = "F950BB84-2003-49E1-A880-B77691DF9960";
				TARGETED_DEVICE_FAMILY = "1,2";
				WRAPPER_EXTENSION = app;
			};
			name = Debug;
		};
		E4F0FEDA1745859100CD3650 /* Release */ = {
			isa = XCBuildConfiguration;
			buildSettings = {
				CODE_SIGN_IDENTITY = "iPhone Distribution: Regaip Sen (E3V3UGV4S4)";
				"CODE_SIGN_IDENTITY[sdk=iphoneos*]" = "iPhone Distribution: Regaip Sen (E3V3UGV4S4)";
				FRAMEWORK_SEARCH_PATHS = (
					"$(inherited)",
					"\"$(SRCROOT)\"",
				);
				GCC_PRECOMPILE_PREFIX_HEADER = YES;
				GCC_PREFIX_HEADER = "Classes/Delegates/Rezzo-Prefix.pch";
				INFOPLIST_FILE = "Resources/Rezzo-Info.plist";
				IPHONEOS_DEPLOYMENT_TARGET = 5.0;
				LIBRARY_SEARCH_PATHS = (
					"$(inherited)",
					"\"$(SRCROOT)\"",
					"\"$(SRCROOT)/TestFlight\"",
				);
				PRODUCT_NAME = Rezzo;
				PROVISIONING_PROFILE = "F950BB84-2003-49E1-A880-B77691DF9960";
				"PROVISIONING_PROFILE[sdk=iphoneos*]" = "F950BB84-2003-49E1-A880-B77691DF9960";
				TARGETED_DEVICE_FAMILY = "1,2";
				WRAPPER_EXTENSION = app;
			};
			name = Release;
		};
/* End XCBuildConfiguration section */

/* Begin XCConfigurationList section */
		E4F0FEA21745859100CD3650 /* Build configuration list for PBXProject "Rezzo" */ = {
			isa = XCConfigurationList;
			buildConfigurations = (
				E4F0FED61745859100CD3650 /* Debug */,
				E4F0FED71745859100CD3650 /* Release */,
			);
			defaultConfigurationIsVisible = 0;
			defaultConfigurationName = Release;
		};
		E4F0FED81745859100CD3650 /* Build configuration list for PBXNativeTarget "Rezzo" */ = {
			isa = XCConfigurationList;
			buildConfigurations = (
				E4F0FED91745859100CD3650 /* Debug */,
				E4F0FEDA1745859100CD3650 /* Release */,
			);
			defaultConfigurationIsVisible = 0;
			defaultConfigurationName = Release;
		};
/* End XCConfigurationList section */
	};
	rootObject = E4F0FE9F1745859100CD3650 /* Project object */;
}
